{
  "version": 1,
  "algorithm": "sha256-normalized-core-contract-v1",
  "surfaces": [
    {
      "name": "minibox-core-events",
      "path": "crates/minibox-core/src/events.rs",
      "hash": "b10f568eb0632c9cc4d599eed9677c723a7687cc46e48c9975d0db6d9d5144db"
    },
    {
      "name": "minibox-core-domain",
      "path": "crates/minibox-core/src/domain/mod.rs",
      "hash": "dc893b945ae66cc385c3f8e7819f8ef68382b1e49887893c981003cefb595d72"
    },
    {
      "name": "minibox-core-trace",
      "path": "crates/minibox-core/src/trace.rs",
      "hash": "5f8fe3f6e3f2004058ab9798c79952e09e1a6ce209bdb1a006f03cea1d49b168"
    },
    {
      "name": "minibox-core-typestate",
      "path": "crates/minibox-core/src/typestate.rs",
      "hash": "6b66ab5cc68f481380bc809bf7b9229d2315cd1a04af4c8271229a55ca0d49e6"
    },
    {
      "name": "minibox-container_state",
      "path": "crates/minibox/src/container_state.rs",
      "hash": "09515269861c245525ef77adedca3eb866df151213c4f06c7c0f162def4a0d4a"
    },
    {
      "name": "xtask-test_linux",
      "path": "xtask/src/test_linux.rs",
      "hash": "757bff1b5cc88ddd23c781c39a259f4e5c134c8ada465567c119149194bedc5c"
    },
    {
      "name": "xtask-checkpoint",
      "path": "xtask/src/checkpoint.rs",
      "hash": "a7fa10e60c07ea31587a9546c4da21f6880f46065c75984f0b4af6ea8558dd95"
    },
    {
      "name": "xtask-docs_audit",
      "path": "xtask/src/docs_audit.rs",
      "hash": "f3fc5ff563262099cb621bbd90793501a6da49aa97942853d91c70656a572145"
    },
    {
      "name": "xtask-preflight",
      "path": "xtask/src/preflight.rs",
      "hash": "c00b47d96b6c21106220036b2379f8ed5569fa5261d10a3a43174f2d6b21ea32"
    }
  ]
}
