{
  "version": 1,
  "algorithm": "sha256-normalized-core-contract-v1",
  "surfaces": [
    {
      "name": "wire-protocol",
      "path": "crates/minibox-core/src/protocol.rs",
      "hash": "a6a49a794b1543d6ba32a2802971fc0f0b2b00e38dca0b3278df005e327f361b"
    },
    {
      "name": "domain-ports",
      "path": "crates/minibox-core/src/domain.rs",
      "hash": "49562b13699ec64dd6539cceaa161b86453ba25bc449cf3bffe453b689ea46c4"
    },
    {
      "name": "domain-networking",
      "path": "crates/minibox-core/src/domain/networking.rs",
      "hash": "faf9e5658dbdf8974ef66467215bec4c87a4799a4456eb60fe6283050cd82322"
    },
    {
      "name": "domain-extensions",
      "path": "crates/minibox-core/src/domain/extensions.rs",
      "hash": "e956b9d635eced32dbcd8deacea490245ecd5cfa6287fcd78a4dd0d92a00fad9"
    },
    {
      "name": "lifecycle-events",
      "path": "crates/minibox-core/src/events.rs",
      "hash": "b5847f7a6bb123ef698845eeb294c875d7ece0d8f99f2ee08115a349ba379b97"
    },
    {
      "name": "execution-manifest",
      "path": "crates/minibox-core/src/domain/execution_manifest.rs",
      "hash": "a45d6676a68fb151738dca0cbf7bd119267fd825e125c98ed021fe9a6eade087"
    },
    {
      "name": "execution-policy",
      "path": "crates/minibox-core/src/domain/execution_policy.rs",
      "hash": "d1af913337f1c7028943be0e9a596c7b864c2585c7528cc246f565c1e56fdde0"
    },
    {
      "name": "error-types",
      "path": "crates/minibox-core/src/error.rs",
      "hash": "439a6b9403d44e42e3d5a44ed570e8899539b8bef8ad111d131c69a865ae17b4"
    },
    {
      "name": "client-api",
      "path": "crates/minibox-core/src/client/mod.rs",
      "hash": "cc59406929bc0618484447d9220f6fce357e440849f5f228a6c0a991d5f662d1"
    },
    {
      "name": "typestate",
      "path": "crates/minibox-core/src/typestate.rs",
      "hash": "2ecc7f8568587faee0c3778b6a0ebe74a6ca1829ced7f71143fa740e2a7dd717"
    }
  ]
}
